
Microsoft Visual Studio Solution File, Format Version 12.00
# Visual Studio Version 17
VisualStudioVersion = 17.1.32414.318
MinimumVisualStudioVersion = 10.0.40219.1
Project("{9A19103F-16F7-4668-BE54-9A1E7A4F7556}") = "agility.cms.mgmt.nuget.console", "agility.cms.mgmt.nuget.console\agility.cms.mgmt.nuget.console.csproj", "{B2F8D1D0-69C8-41EF-8309-7B61B67451DB}"
EndProject
Project("{2150E333-8FDC-42A3-9474-1A3956D46DE8}") = "Solution Items", "Solution Items", "{10EF09DF-6112-4807-B7B5-F6713DF7DC38}"
	ProjectSection(SolutionItems) = preProject
		.gitignore = .gitignore
	EndProjectSection
EndProject
Global
	GlobalSection(SolutionConfigurationPlatforms) = preSolution
		Debug|Any CPU = Debug|Any CPU
		Release|Any CPU = Release|Any CPU
	EndGlobalSection
	GlobalSection(ProjectConfigurationPlatforms) = postSolution
		{B2F8D1D0-69C8-41EF-8309-7B61B67451DB}.Debug|Any CPU.ActiveCfg = Debug|Any CPU
		{B2F8D1D0-69C8-41EF-8309-7B61B67451DB}.Debug|Any CPU.Build.0 = Debug|Any CPU
		{B2F8D1D0-69C8-41EF-8309-7B61B67451DB}.Release|Any CPU.ActiveCfg = Release|Any CPU
		{B2F8D1D0-69C8-41EF-8309-7B61B67451DB}.Release|Any CPU.Build.0 = Release|Any CPU
	EndGlobalSection
	GlobalSection(SolutionProperties) = preSolution
		HideSolutionNode = FALSE
	EndGlobalSection
	GlobalSection(ExtensibilityGlobals) = postSolution
		SolutionGuid = {CA324A15-24BB-49C6-BCC5-D02047BA213F}
	EndGlobalSection
EndGlobal
